Microsoft Visual Studio Solution File, Format Version 11.00
# Visual Studio 2008

Project("{95CEE55C-C87E-D1DE-4F72-3A1DA33DCCD8}") = "reactionSpeed", "Assembly-CSharp.csproj", "{1777BEE5-99C0-8475-7ED1-1F222AAC2BF3}"
EndProject
Global
	GlobalSection(SolutionConfigurationPlatforms) = preSolution
		Debug|Any CPU = Debug|Any CPU
		Release|Any CPU = Release|Any CPU
	EndGlobalSection
	GlobalSection(ProjectConfigurationPlatforms) = postSolution
		{1777BEE5-99C0-8475-7ED1-1F222AAC2BF3}.Debug|Any CPU.ActiveCfg = Debug|Any CPU
		{1777BEE5-99C0-8475-7ED1-1F222AAC2BF3}.Debug|Any CPU.Build.0 = Debug|Any CPU
		{1777BEE5-99C0-8475-7ED1-1F222AAC2BF3}.Release|Any CPU.ActiveCfg = Release|Any CPU
		{1777BEE5-99C0-8475-7ED1-1F222AAC2BF3}.Release|Any CPU.Build.0 = Release|Any CPU
	EndGlobalSection
	GlobalSection(SolutionProperties) = preSolution
		HideSolutionNode = FALSE
	EndGlobalSection
	GlobalSection(MonoDevelopProperties) = preSolution
		StartupItem = Assembly-CSharp.csproj
	EndGlobalSection
EndGlobal
